
Microsoft Visual Studio Solution File, Format Version 12.00
# Visual Studio 15
VisualStudioVersion = 15.0.27703.2035
MinimumVisualStudioVersion = 10.0.40219.1
Project("{FAE04EC0-301F-11D3-BF4B-00C04F79EFBC}") = "BruteScalpe", "BruteScalpe\BruteScalpe.csproj", "{59B5AF58-E8F0-4707-8BB6-25339086F45A}"
EndProject
Global
	GlobalSection(SolutionConfigurationPlatforms) = preSolution
		Debug|Any CPU = Debug|Any CPU
		Release|Any CPU = Release|Any CPU
	EndGlobalSection
	GlobalSection(ProjectConfigurationPlatforms) = postSolution
		{59B5AF58-E8F0-4707-8BB6-25339086F45A}.Debug|Any CPU.ActiveCfg = Debug|Any CPU
		{59B5AF58-E8F0-4707-8BB6-25339086F45A}.Debug|Any CPU.Build.0 = Debug|Any CPU
		{59B5AF58-E8F0-4707-8BB6-25339086F45A}.Release|Any CPU.ActiveCfg = Release|Any CPU
		{59B5AF58-E8F0-4707-8BB6-25339086F45A}.Release|Any CPU.Build.0 = Release|Any CPU
	EndGlobalSection
	GlobalSection(SolutionProperties) = preSolution
		HideSolutionNode = FALSE
	EndGlobalSection
	GlobalSection(ExtensibilityGlobals) = postSolution
		SolutionGuid = {FE55BC37-1B6E-4AA4-97E6-1EC3D317A8B6}
	EndGlobalSection
EndGlobal
