
Microsoft Visual Studio Solution File, Format Version 12.00
# Visual Studio 15
VisualStudioVersion = 15.0.27130.2024
MinimumVisualStudioVersion = 10.0.40219.1
Project("{FAE04EC0-301F-11D3-BF4B-00C04F79EFBC}") = "BruteScalpe", "BruteScalpe\BruteScalpe.csproj", "{D754EA4B-2D08-4249-AF41-01E88B622383}"
EndProject
Global
	GlobalSection(SolutionConfigurationPlatforms) = preSolution
		Debug|Any CPU = Debug|Any CPU
		Release|Any CPU = Release|Any CPU
	EndGlobalSection
	GlobalSection(ProjectConfigurationPlatforms) = postSolution
		{D754EA4B-2D08-4249-AF41-01E88B622383}.Debug|Any CPU.ActiveCfg = Debug|Any CPU
		{D754EA4B-2D08-4249-AF41-01E88B622383}.Debug|Any CPU.Build.0 = Debug|Any CPU
		{D754EA4B-2D08-4249-AF41-01E88B622383}.Release|Any CPU.ActiveCfg = Release|Any CPU
		{D754EA4B-2D08-4249-AF41-01E88B622383}.Release|Any CPU.Build.0 = Release|Any CPU
	EndGlobalSection
	GlobalSection(SolutionProperties) = preSolution
		HideSolutionNode = FALSE
	EndGlobalSection
	GlobalSection(ExtensibilityGlobals) = postSolution
		SolutionGuid = {A1A230D9-10AA-40F6-B7C6-8A4C8ABF5060}
	EndGlobalSection
EndGlobal
